
Microsoft Visual Studio Solution File, Format Version 12.00
# Visual Studio Version 17
VisualStudioVersion = 17.11.35312.102
MinimumVisualStudioVersion = 10.0.40219.1
Project("{9A19103F-16F7-4668-BE54-9A1E7A4F7556}") = "Constructors03", "Constructors03.csproj", "{6920529F-A23C-425C-AB3B-9D5D66238570}"
EndProject
Project("{2150E333-8FDC-42A3-9474-1A3956D46DE8}") = "Solution Items", "Solution Items", "{3C15042E-916B-4694-9DDB-441138FD0E57}"
	ProjectSection(SolutionItems) = preProject
		quiz.cs = quiz.cs
	EndProjectSection
EndProject
Global
	GlobalSection(SolutionConfigurationPlatforms) = preSolution
		Debug|Any CPU = Debug|Any CPU
		Release|Any CPU = Release|Any CPU
	EndGlobalSection
	GlobalSection(ProjectConfigurationPlatforms) = postSolution
		{6920529F-A23C-425C-AB3B-9D5D66238570}.Debug|Any CPU.ActiveCfg = Debug|Any CPU
		{6920529F-A23C-425C-AB3B-9D5D66238570}.Debug|Any CPU.Build.0 = Debug|Any CPU
		{6920529F-A23C-425C-AB3B-9D5D66238570}.Release|Any CPU.ActiveCfg = Release|Any CPU
		{6920529F-A23C-425C-AB3B-9D5D66238570}.Release|Any CPU.Build.0 = Release|Any CPU
	EndGlobalSection
	GlobalSection(SolutionProperties) = preSolution
		HideSolutionNode = FALSE
	EndGlobalSection
	GlobalSection(ExtensibilityGlobals) = postSolution
		SolutionGuid = {805D884F-1738-436E-8667-630C1F83AB47}
	EndGlobalSection
EndGlobal
