
Microsoft Visual Studio Solution File, Format Version 12.00
# Visual Studio Version 17
VisualStudioVersion = 17.11.35312.102
MinimumVisualStudioVersion = 10.0.40219.1
Project("{FAE04EC0-301F-11D3-BF4B-00C04F79EFBC}") = "Classes", "Classes.csproj", "{E0550A18-2453-4115-89E1-D049A2F758A7}"
EndProject
Global
	GlobalSection(SolutionConfigurationPlatforms) = preSolution
		Debug|Any CPU = Debug|Any CPU
		Release|Any CPU = Release|Any CPU
	EndGlobalSection
	GlobalSection(ProjectConfigurationPlatforms) = postSolution
		{E0550A18-2453-4115-89E1-D049A2F758A7}.Debug|Any CPU.ActiveCfg = Debug|Any CPU
		{E0550A18-2453-4115-89E1-D049A2F758A7}.Debug|Any CPU.Build.0 = Debug|Any CPU
		{E0550A18-2453-4115-89E1-D049A2F758A7}.Release|Any CPU.ActiveCfg = Release|Any CPU
		{E0550A18-2453-4115-89E1-D049A2F758A7}.Release|Any CPU.Build.0 = Release|Any CPU
	EndGlobalSection
	GlobalSection(SolutionProperties) = preSolution
		HideSolutionNode = FALSE
	EndGlobalSection
	GlobalSection(ExtensibilityGlobals) = postSolution
		SolutionGuid = {E43ECABD-CAA7-4DAC-A4C8-FEC83FC19A4A}
	EndGlobalSection
EndGlobal
